// !$*UTF8*$!
{
	archiveVersion = 1;
	classes = {
	};
	objectVersion = 55;
	objects = {

/* Begin PBXBuildFile section */
		4E49D473286531A700B11FAC /* Capitulo2.swift in Sources */ = {isa = PBXBuildFile; fileRef = 4E49D472286531A700B11FAC /* Capitulo2.swift */; };
		4E49D4782865321A00B11FAC /* InicioJornada.swift in Sources */ = {isa = PBXBuildFile; fileRef = 4E49D4772865321A00B11FAC /* InicioJornada.swift */; };
		4E49D47A2865322500B11FAC /* FinalJornada.swift in Sources */ = {isa = PBXBuildFile; fileRef = 4E49D4792865322500B11FAC /* FinalJornada.swift */; };
		4E49D4812865499800B11FAC /* Combate01.swift in Sources */ = {isa = PBXBuildFile; fileRef = 4E49D4802865499800B11FAC /* Combate01.swift */; };
		4E49D48328654B8500B11FAC /* Personagem.swift in Sources */ = {isa = PBXBuildFile; fileRef = 4E49D48228654B8500B11FAC /* Personagem.swift */; };
		4E49D48528660BA800B11FAC /* MestreMago.swift in Sources */ = {isa = PBXBuildFile; fileRef = 4E49D48428660BA800B11FAC /* MestreMago.swift */; };
		4E49D487286630B900B11FAC /* Centrion.swift in Sources */ = {isa = PBXBuildFile; fileRef = 4E49D486286630B900B11FAC /* Centrion.swift */; };
		4E49D4892866316100B11FAC /* Inventario.swift in Sources */ = {isa = PBXBuildFile; fileRef = 4E49D4882866316100B11FAC /* Inventario.swift */; };
		4E49D48B2869FCD800B11FAC /* Console.swift in Sources */ = {isa = PBXBuildFile; fileRef = 4E49D48A2869FCD800B11FAC /* Console.swift */; };
		4E49D48D286B883C00B11FAC /* Combate02.swift in Sources */ = {isa = PBXBuildFile; fileRef = 4E49D48C286B883C00B11FAC /* Combate02.swift */; };
		4E49D48F286B8D8600B11FAC /* Hipogrifo.swift in Sources */ = {isa = PBXBuildFile; fileRef = 4E49D48E286B8D8600B11FAC /* Hipogrifo.swift */; };
		4E49D493286E5B1400B11FAC /* BatalhaFinal2.swift in Sources */ = {isa = PBXBuildFile; fileRef = 4E49D492286E5B1400B11FAC /* BatalhaFinal2.swift */; };
		4E49D495286E5B2B00B11FAC /* BatalhaFinal1.swift in Sources */ = {isa = PBXBuildFile; fileRef = 4E49D494286E5B2B00B11FAC /* BatalhaFinal1.swift */; };
		4E49D497286F5C7A00B11FAC /* Grannus.swift in Sources */ = {isa = PBXBuildFile; fileRef = 4E49D496286F5C7A00B11FAC /* Grannus.swift */; };
		4E49D499286F8D7E00B11FAC /* FinalJogo.swift in Sources */ = {isa = PBXBuildFile; fileRef = 4E49D498286F8D7D00B11FAC /* FinalJogo.swift */; };
		4EDC2AD92864BC9A003EF7F5 /* main.swift in Sources */ = {isa = PBXBuildFile; fileRef = 4EDC2AD82864BC9A003EF7F5 /* main.swift */; };
		4EDC2AE02864BD65003EF7F5 /* Menu.swift in Sources */ = {isa = PBXBuildFile; fileRef = 4EDC2ADF2864BD65003EF7F5 /* Menu.swift */; };
		4EDC2AE22864BD8C003EF7F5 /* InicioJogo.swift in Sources */ = {isa = PBXBuildFile; fileRef = 4EDC2AE12864BD8C003EF7F5 /* InicioJogo.swift */; };
		4EDC2AE42864BDBE003EF7F5 /* Capitulo1.swift in Sources */ = {isa = PBXBuildFile; fileRef = 4EDC2AE32864BDBE003EF7F5 /* Capitulo1.swift */; };
/* End PBXBuildFile section */

/* Begin PBXCopyFilesBuildPhase section */
		4EDC2AD32864BC9A003EF7F5 /* CopyFiles */ = {
			isa = PBXCopyFilesBuildPhase;
			buildActionMask = 2147483647;
			dstPath = /usr/share/man/man1/;
			dstSubfolderSpec = 0;
			files = (
			);
			runOnlyForDeploymentPostprocessing = 1;
		};
/* End PBXCopyFilesBuildPhase section */

/* Begin PBXFileReference section */
		4E49D472286531A700B11FAC /* Capitulo2.swift */ = {isa = PBXFileReference; lastKnownFileType = sourcecode.swift; path = Capitulo2.swift; sourceTree = "<group>"; };
		4E49D4772865321A00B11FAC /* InicioJornada.swift */ = {isa = PBXFileReference; lastKnownFileType = sourcecode.swift; path = InicioJornada.swift; sourceTree = "<group>"; };
		4E49D4792865322500B11FAC /* FinalJornada.swift */ = {isa = PBXFileReference; lastKnownFileType = sourcecode.swift; path = FinalJornada.swift; sourceTree = "<group>"; };
		4E49D4802865499800B11FAC /* Combate01.swift */ = {isa = PBXFileReference; lastKnownFileType = sourcecode.swift; path = Combate01.swift; sourceTree = "<group>"; };
		4E49D48228654B8500B11FAC /* Personagem.swift */ = {isa = PBXFileReference; lastKnownFileType = sourcecode.swift; path = Personagem.swift; sourceTree = "<group>"; };
		4E49D48428660BA800B11FAC /* MestreMago.swift */ = {isa = PBXFileReference; lastKnownFileType = sourcecode.swift; path = MestreMago.swift; sourceTree = "<group>"; };
		4E49D486286630B900B11FAC /* Centrion.swift */ = {isa = PBXFileReference; lastKnownFileType = sourcecode.swift; path = Centrion.swift; sourceTree = "<group>"; };
		4E49D4882866316100B11FAC /* Inventario.swift */ = {isa = PBXFileReference; lastKnownFileType = sourcecode.swift; path = Inventario.swift; sourceTree = "<group>"; };
		4E49D48A2869FCD800B11FAC /* Console.swift */ = {isa = PBXFileReference; lastKnownFileType = sourcecode.swift; path = Console.swift; sourceTree = "<group>"; };
		4E49D48C286B883C00B11FAC /* Combate02.swift */ = {isa = PBXFileReference; lastKnownFileType = sourcecode.swift; path = Combate02.swift; sourceTree = "<group>"; };
		4E49D48E286B8D8600B11FAC /* Hipogrifo.swift */ = {isa = PBXFileReference; lastKnownFileType = sourcecode.swift; path = Hipogrifo.swift; sourceTree = "<group>"; };
		4E49D492286E5B1400B11FAC /* BatalhaFinal2.swift */ = {isa = PBXFileReference; lastKnownFileType = sourcecode.swift; path = BatalhaFinal2.swift; sourceTree = "<group>"; };
		4E49D494286E5B2B00B11FAC /* BatalhaFinal1.swift */ = {isa = PBXFileReference; lastKnownFileType = sourcecode.swift; path = BatalhaFinal1.swift; sourceTree = "<group>"; };
		4E49D496286F5C7A00B11FAC /* Grannus.swift */ = {isa = PBXFileReference; lastKnownFileType = sourcecode.swift; path = Grannus.swift; sourceTree = "<group>"; };
		4E49D498286F8D7D00B11FAC /* FinalJogo.swift */ = {isa = PBXFileReference; lastKnownFileType = sourcecode.swift; path = FinalJogo.swift; sourceTree = "<group>"; };
		4EDC2AD52864BC9A003EF7F5 /* TheLastBreath2.0 */ = {isa = PBXFileReference; explicitFileType = "compiled.mach-o.executable"; includeInIndex = 0; path = TheLastBreath2.0; sourceTree = BUILT_PRODUCTS_DIR; };
		4EDC2AD82864BC9A003EF7F5 /* main.swift */ = {isa = PBXFileReference; lastKnownFileType = sourcecode.swift; path = main.swift; sourceTree = "<group>"; };
		4EDC2ADF2864BD65003EF7F5 /* Menu.swift */ = {isa = PBXFileReference; lastKnownFileType = sourcecode.swift; path = Menu.swift; sourceTree = "<group>"; };
		4EDC2AE12864BD8C003EF7F5 /* InicioJogo.swift */ = {isa = PBXFileReference; lastKnownFileType = sourcecode.swift; path = InicioJogo.swift; sourceTree = "<group>"; };
		4EDC2AE32864BDBE003EF7F5 /* Capitulo1.swift */ = {isa = PBXFileReference; lastKnownFileType = sourcecode.swift; path = Capitulo1.swift; sourceTree = "<group>"; };
/* End PBXFileReference section */

/* Begin PBXFrameworksBuildPhase section */
		4EDC2AD22864BC9A003EF7F5 /* Frameworks */ = {
			isa = PBXFrameworksBuildPhase;
			buildActionMask = 2147483647;
			files = (
			);
			runOnlyForDeploymentPostprocessing = 0;
		};
/* End PBXFrameworksBuildPhase section */

/* Begin PBXGroup section */
		4E49D474286531C900B11FAC /* Capitulos */ = {
			isa = PBXGroup;
			children = (
				4EDC2AE32864BDBE003EF7F5 /* Capitulo1.swift */,
				4E49D472286531A700B11FAC /* Capitulo2.swift */,
			);
			path = Capitulos;
			sourceTree = "<group>";
		};
		4E49D475286531DC00B11FAC /* Entrada */ = {
			isa = PBXGroup;
			children = (
				4EDC2ADF2864BD65003EF7F5 /* Menu.swift */,
				4EDC2AE12864BD8C003EF7F5 /* InicioJogo.swift */,
			);
			path = Entrada;
			sourceTree = "<group>";
		};
		4E49D476286531F000B11FAC /* Jornada */ = {
			isa = PBXGroup;
			children = (
				4E49D4772865321A00B11FAC /* InicioJornada.swift */,
				4E49D4792865322500B11FAC /* FinalJornada.swift */,
			);
			path = Jornada;
			sourceTree = "<group>";
		};
		4E49D47B2865325300B11FAC /* Final1 */ = {
			isa = PBXGroup;
			children = (
				4E49D494286E5B2B00B11FAC /* BatalhaFinal1.swift */,
				4E49D498286F8D7D00B11FAC /* FinalJogo.swift */,
			);
			path = Final1;
			sourceTree = "<group>";
		};
		4E49D47C2865325C00B11FAC /* Final2 */ = {
			isa = PBXGroup;
			children = (
				4E49D492286E5B1400B11FAC /* BatalhaFinal2.swift */,
			);
			path = Final2;
			sourceTree = "<group>";
		};
		4E49D47E2865327800B11FAC /* Objetos */ = {
			isa = PBXGroup;
			children = (
				4E49D48228654B8500B11FAC /* Personagem.swift */,
				4E49D48428660BA800B11FAC /* MestreMago.swift */,
				4E49D486286630B900B11FAC /* Centrion.swift */,
				4E49D4882866316100B11FAC /* Inventario.swift */,
				4E49D48A2869FCD800B11FAC /* Console.swift */,
				4E49D48E286B8D8600B11FAC /* Hipogrifo.swift */,
				4E49D496286F5C7A00B11FAC /* Grannus.swift */,
			);
			path = Objetos;
			sourceTree = "<group>";
		};
		4E49D47F2865496D00B11FAC /* Combates */ = {
			isa = PBXGroup;
			children = (
				4E49D4802865499800B11FAC /* Combate01.swift */,
				4E49D48C286B883C00B11FAC /* Combate02.swift */,
			);
			path = Combates;
			sourceTree = "<group>";
		};
		4EDC2ACC2864BC9A003EF7F5 = {
			isa = PBXGroup;
			children = (
				4EDC2AD72864BC9A003EF7F5 /* TheLastBreath2.0 */,
				4EDC2AD62864BC9A003EF7F5 /* Products */,
			);
			sourceTree = "<group>";
		};
		4EDC2AD62864BC9A003EF7F5 /* Products */ = {
			isa = PBXGroup;
			children = (
				4EDC2AD52864BC9A003EF7F5 /* TheLastBreath2.0 */,
			);
			name = Products;
			sourceTree = "<group>";
		};
		4EDC2AD72864BC9A003EF7F5 /* TheLastBreath2.0 */ = {
			isa = PBXGroup;
			children = (
				4EDC2AD82864BC9A003EF7F5 /* main.swift */,
				4E49D47E2865327800B11FAC /* Objetos */,
				4E49D47F2865496D00B11FAC /* Combates */,
				4E49D47C2865325C00B11FAC /* Final2 */,
				4E49D47B2865325300B11FAC /* Final1 */,
				4E49D475286531DC00B11FAC /* Entrada */,
				4E49D474286531C900B11FAC /* Capitulos */,
				4E49D476286531F000B11FAC /* Jornada */,
			);
			path = TheLastBreath2.0;
			sourceTree = "<group>";
		};
/* End PBXGroup section */

/* Begin PBXNativeTarget section */
		4EDC2AD42864BC9A003EF7F5 /* TheLastBreath2.0 */ = {
			isa = PBXNativeTarget;
			buildConfigurationList = 4EDC2ADC2864BC9A003EF7F5 /* Build configuration list for PBXNativeTarget "TheLastBreath2.0" */;
			buildPhases = (
				4EDC2AD12864BC9A003EF7F5 /* Sources */,
				4EDC2AD22864BC9A003EF7F5 /* Frameworks */,
				4EDC2AD32864BC9A003EF7F5 /* CopyFiles */,
			);
			buildRules = (
			);
			dependencies = (
			);
			name = TheLastBreath2.0;
			productName = TheLastBreath2.0;
			productReference = 4EDC2AD52864BC9A003EF7F5 /* TheLastBreath2.0 */;
			productType = "com.apple.product-type.tool";
		};
/* End PBXNativeTarget section */

/* Begin PBXProject section */
		4EDC2ACD2864BC9A003EF7F5 /* Project object */ = {
			isa = PBXProject;
			attributes = {
				BuildIndependentTargetsInParallel = 1;
				LastSwiftUpdateCheck = 1320;
				LastUpgradeCheck = 1320;
				TargetAttributes = {
					4EDC2AD42864BC9A003EF7F5 = {
						CreatedOnToolsVersion = 13.2.1;
					};
				};
			};
			buildConfigurationList = 4EDC2AD02864BC9A003EF7F5 /* Build configuration list for PBXProject "TheLastBreath2.0" */;
			compatibilityVersion = "Xcode 13.0";
			developmentRegion = en;
			hasScannedForEncodings = 0;
			knownRegions = (
				en,
				Base,
			);
			mainGroup = 4EDC2ACC2864BC9A003EF7F5;
			productRefGroup = 4EDC2AD62864BC9A003EF7F5 /* Products */;
			projectDirPath = "";
			projectRoot = "";
			targets = (
				4EDC2AD42864BC9A003EF7F5 /* TheLastBreath2.0 */,
			);
		};
/* End PBXProject section */

/* Begin PBXSourcesBuildPhase section */
		4EDC2AD12864BC9A003EF7F5 /* Sources */ = {
			isa = PBXSourcesBuildPhase;
			buildActionMask = 2147483647;
			files = (
				4E49D473286531A700B11FAC /* Capitulo2.swift in Sources */,
				4E49D48328654B8500B11FAC /* Personagem.swift in Sources */,
				4E49D48F286B8D8600B11FAC /* Hipogrifo.swift in Sources */,
				4E49D487286630B900B11FAC /* Centrion.swift in Sources */,
				4E49D497286F5C7A00B11FAC /* Grannus.swift in Sources */,
				4EDC2AE42864BDBE003EF7F5 /* Capitulo1.swift in Sources */,
				4EDC2AE02864BD65003EF7F5 /* Menu.swift in Sources */,
				4EDC2AE22864BD8C003EF7F5 /* InicioJogo.swift in Sources */,
				4E49D493286E5B1400B11FAC /* BatalhaFinal2.swift in Sources */,
				4E49D48B2869FCD800B11FAC /* Console.swift in Sources */,
				4E49D4782865321A00B11FAC /* InicioJornada.swift in Sources */,
				4E49D47A2865322500B11FAC /* FinalJornada.swift in Sources */,
				4E49D4812865499800B11FAC /* Combate01.swift in Sources */,
				4EDC2AD92864BC9A003EF7F5 /* main.swift in Sources */,
				4E49D48D286B883C00B11FAC /* Combate02.swift in Sources */,
				4E49D499286F8D7E00B11FAC /* FinalJogo.swift in Sources */,
				4E49D4892866316100B11FAC /* Inventario.swift in Sources */,
				4E49D48528660BA800B11FAC /* MestreMago.swift in Sources */,
				4E49D495286E5B2B00B11FAC /* BatalhaFinal1.swift in Sources */,
			);
			runOnlyForDeploymentPostprocessing = 0;
		};
/* End PBXSourcesBuildPhase section */

/* Begin XCBuildConfiguration section */
		4EDC2ADA2864BC9A003EF7F5 /* Debug */ = {
			isa = XCBuildConfiguration;
			buildSettings = {
				ALWAYS_SEARCH_USER_PATHS = NO;
				CLANG_ANALYZER_NONNULL = YES;
				CLANG_ANALYZER_NUMBER_OBJECT_CONVERSION = YES_AGGRESSIVE;
				CLANG_CXX_LANGUAGE_STANDARD = "gnu++17";
				CLANG_CXX_LIBRARY = "libc++";
				CLANG_ENABLE_MODULES = YES;
				CLANG_ENABLE_OBJC_ARC = YES;
				CLANG_ENABLE_OBJC_WEAK = YES;
				CLANG_WARN_BLOCK_CAPTURE_AUTORELEASING = YES;
				CLANG_WARN_BOOL_CONVERSION = YES;
				CLANG_WARN_COMMA = YES;
				CLANG_WARN_CONSTANT_CONVERSION = YES;
				CLANG_WARN_DEPRECATED_OBJC_IMPLEMENTATIONS = YES;
				CLANG_WARN_DIRECT_OBJC_ISA_USAGE = YES_ERROR;
				CLANG_WARN_DOCUMENTATION_COMMENTS = YES;
				CLANG_WARN_EMPTY_BODY = YES;
				CLANG_WARN_ENUM_CONVERSION = YES;
				CLANG_WARN_INFINITE_RECURSION = YES;
				CLANG_WARN_INT_CONVERSION = YES;
				CLANG_WARN_NON_LITERAL_NULL_CONVERSION = YES;
				CLANG_WARN_OBJC_IMPLICIT_RETAIN_SELF = YES;
				CLANG_WARN_OBJC_LITERAL_CONVERSION = YES;
				CLANG_WARN_OBJC_ROOT_CLASS = YES_ERROR;
				CLANG_WARN_QUOTED_INCLUDE_IN_FRAMEWORK_HEADER = YES;
				CLANG_WARN_RANGE_LOOP_ANALYSIS = YES;
				CLANG_WARN_STRICT_PROTOTYPES = YES;
				CLANG_WARN_SUSPICIOUS_MOVE = YES;
				CLANG_WARN_UNGUARDED_AVAILABILITY = YES_AGGRESSIVE;
				CLANG_WARN_UNREACHABLE_CODE = YES;
				CLANG_WARN__DUPLICATE_METHOD_MATCH = YES;
				COPY_PHASE_STRIP = NO;
				DEBUG_INFORMATION_FORMAT = dwarf;
				ENABLE_STRICT_OBJC_MSGSEND = YES;
				ENABLE_TESTABILITY = YES;
				GCC_C_LANGUAGE_STANDARD = gnu11;
				GCC_DYNAMIC_NO_PIC = NO;
				GCC_NO_COMMON_BLOCKS = YES;
				GCC_OPTIMIZATION_LEVEL = 0;
				GCC_PREPROCESSOR_DEFINITIONS = (
					"DEBUG=1",
					"$(inherited)",
				);
				GCC_WARN_64_TO_32_BIT_CONVERSION = YES;
				GCC_WARN_ABOUT_RETURN_TYPE = YES_ERROR;
				GCC_WARN_UNDECLARED_SELECTOR = YES;
				GCC_WARN_UNINITIALIZED_AUTOS = YES_AGGRESSIVE;
				GCC_WARN_UNUSED_FUNCTION = YES;
				GCC_WARN_UNUSED_VARIABLE = YES;
				MACOSX_DEPLOYMENT_TARGET = 12.1;
				MTL_ENABLE_DEBUG_INFO = INCLUDE_SOURCE;
				MTL_FAST_MATH = YES;
				ONLY_ACTIVE_ARCH = YES;
				SDKROOT = macosx;
				SWIFT_ACTIVE_COMPILATION_CONDITIONS = DEBUG;
				SWIFT_OPTIMIZATION_LEVEL = "-Onone";
			};
			name = Debug;
		};
		4EDC2ADB2864BC9A003EF7F5 /* Release */ = {
			isa = XCBuildConfiguration;
			buildSettings = {
				ALWAYS_SEARCH_USER_PATHS = NO;
				CLANG_ANALYZER_NONNULL = YES;
				CLANG_ANALYZER_NUMBER_OBJECT_CONVERSION = YES_AGGRESSIVE;
				CLANG_CXX_LANGUAGE_STANDARD = "gnu++17";
				CLANG_CXX_LIBRARY = "libc++";
				CLANG_ENABLE_MODULES = YES;
				CLANG_ENABLE_OBJC_ARC = YES;
				CLANG_ENABLE_OBJC_WEAK = YES;
				CLANG_WARN_BLOCK_CAPTURE_AUTORELEASING = YES;
				CLANG_WARN_BOOL_CONVERSION = YES;
				CLANG_WARN_COMMA = YES;
				CLANG_WARN_CONSTANT_CONVERSION = YES;
				CLANG_WARN_DEPRECATED_OBJC_IMPLEMENTATIONS = YES;
				CLANG_WARN_DIRECT_OBJC_ISA_USAGE = YES_ERROR;
				CLANG_WARN_DOCUMENTATION_COMMENTS = YES;
				CLANG_WARN_EMPTY_BODY = YES;
				CLANG_WARN_ENUM_CONVERSION = YES;
				CLANG_WARN_INFINITE_RECURSION = YES;
				CLANG_WARN_INT_CONVERSION = YES;
				CLANG_WARN_NON_LITERAL_NULL_CONVERSION = YES;
				CLANG_WARN_OBJC_IMPLICIT_RETAIN_SELF = YES;
				CLANG_WARN_OBJC_LITERAL_CONVERSION = YES;
				CLANG_WARN_OBJC_ROOT_CLASS = YES_ERROR;
				CLANG_WARN_QUOTED_INCLUDE_IN_FRAMEWORK_HEADER = YES;
				CLANG_WARN_RANGE_LOOP_ANALYSIS = YES;
				CLANG_WARN_STRICT_PROTOTYPES = YES;
				CLANG_WARN_SUSPICIOUS_MOVE = YES;
				CLANG_WARN_UNGUARDED_AVAILABILITY = YES_AGGRESSIVE;
				CLANG_WARN_UNREACHABLE_CODE = YES;
				CLANG_WARN__DUPLICATE_METHOD_MATCH = YES;
				COPY_PHASE_STRIP = NO;
				DEBUG_INFORMATION_FORMAT = "dwarf-with-dsym";
				ENABLE_NS_ASSERTIONS = NO;
				ENABLE_STRICT_OBJC_MSGSEND = YES;
				GCC_C_LANGUAGE_STANDARD = gnu11;
				GCC_NO_COMMON_BLOCKS = YES;
				GCC_WARN_64_TO_32_BIT_CONVERSION = YES;
				GCC_WARN_ABOUT_RETURN_TYPE = YES_ERROR;
				GCC_WARN_UNDECLARED_SELECTOR = YES;
				GCC_WARN_UNINITIALIZED_AUTOS = YES_AGGRESSIVE;
				GCC_WARN_UNUSED_FUNCTION = YES;
				GCC_WARN_UNUSED_VARIABLE = YES;
				MACOSX_DEPLOYMENT_TARGET = 12.1;
				MTL_ENABLE_DEBUG_INFO = NO;
				MTL_FAST_MATH = YES;
				SDKROOT = macosx;
				SWIFT_COMPILATION_MODE = wholemodule;
				SWIFT_OPTIMIZATION_LEVEL = "-O";
			};
			name = Release;
		};
		4EDC2ADD2864BC9A003EF7F5 /* Debug */ = {
			isa = XCBuildConfiguration;
			buildSettings = {
				CODE_SIGN_STYLE = Automatic;
				PRODUCT_NAME = "$(TARGET_NAME)";
				SWIFT_VERSION = 5.0;
			};
			name = Debug;
		};
		4EDC2ADE2864BC9A003EF7F5 /* Release */ = {
			isa = XCBuildConfiguration;
			buildSettings = {
				CODE_SIGN_STYLE = Automatic;
				PRODUCT_NAME = "$(TARGET_NAME)";
				SWIFT_VERSION = 5.0;
			};
			name = Release;
		};
/* End XCBuildConfiguration section */

/* Begin XCConfigurationList section */
		4EDC2AD02864BC9A003EF7F5 /* Build configuration list for PBXProject "TheLastBreath2.0" */ = {
			isa = XCConfigurationList;
			buildConfigurations = (
				4EDC2ADA2864BC9A003EF7F5 /* Debug */,
				4EDC2ADB2864BC9A003EF7F5 /* Release */,
			);
			defaultConfigurationIsVisible = 0;
			defaultConfigurationName = Release;
		};
		4EDC2ADC2864BC9A003EF7F5 /* Build configuration list for PBXNativeTarget "TheLastBreath2.0" */ = {
			isa = XCConfigurationList;
			buildConfigurations = (
				4EDC2ADD2864BC9A003EF7F5 /* Debug */,
				4EDC2ADE2864BC9A003EF7F5 /* Release */,
			);
			defaultConfigurationIsVisible = 0;
			defaultConfigurationName = Release;
		};
/* End XCConfigurationList section */
	};
	rootObject = 4EDC2ACD2864BC9A003EF7F5 /* Project object */;
}
